
Microsoft Visual Studio Solution File, Format Version 12.00
# Visual Studio Version 17
VisualStudioVersion = 17.6.33829.357
MinimumVisualStudioVersion = 10.0.40219.1
Project("{FAE04EC0-301F-11D3-BF4B-00C04F79EFBC}") = "BD_Consulta_17-04", "BD_Consulta_17-04\BD_Consulta_17-04.csproj", "{EB2EA07F-EC62-4C7F-A583-E6D6C1297588}"
EndProject
Global
	GlobalSection(SolutionConfigurationPlatforms) = preSolution
		Debug|Any CPU = Debug|Any CPU
		Release|Any CPU = Release|Any CPU
	EndGlobalSection
	GlobalSection(ProjectConfigurationPlatforms) = postSolution
		{EB2EA07F-EC62-4C7F-A583-E6D6C1297588}.Debug|Any CPU.ActiveCfg = Debug|Any CPU
		{EB2EA07F-EC62-4C7F-A583-E6D6C1297588}.Debug|Any CPU.Build.0 = Debug|Any CPU
		{EB2EA07F-EC62-4C7F-A583-E6D6C1297588}.Release|Any CPU.ActiveCfg = Release|Any CPU
		{EB2EA07F-EC62-4C7F-A583-E6D6C1297588}.Release|Any CPU.Build.0 = Release|Any CPU
	EndGlobalSection
	GlobalSection(SolutionProperties) = preSolution
		HideSolutionNode = FALSE
	EndGlobalSection
	GlobalSection(ExtensibilityGlobals) = postSolution
		SolutionGuid = {40811218-93CD-4B1C-AD2B-B6F449B5A84A}
	EndGlobalSection
EndGlobal
